
Microsoft Visual Studio Solution File, Format Version 12.00
# Visual Studio Version 17
VisualStudioVersion = 17.14.36414.22 d17.14
MinimumVisualStudioVersion = 10.0.40219.1
Project("{FAE04EC0-301F-11D3-BF4B-00C04F79EFBC}") = "lotto2_poniedzialek", "lotto2_poniedzialek\lotto2_poniedzialek.csproj", "{A3AA9A87-917A-461A-A78B-EB4DD46A1307}"
EndProject
Global
	GlobalSection(SolutionConfigurationPlatforms) = preSolution
		Debug|Any CPU = Debug|Any CPU
		Release|Any CPU = Release|Any CPU
	EndGlobalSection
	GlobalSection(ProjectConfigurationPlatforms) = postSolution
		{A3AA9A87-917A-461A-A78B-EB4DD46A1307}.Debug|Any CPU.ActiveCfg = Debug|Any CPU
		{A3AA9A87-917A-461A-A78B-EB4DD46A1307}.Debug|Any CPU.Build.0 = Debug|Any CPU
		{A3AA9A87-917A-461A-A78B-EB4DD46A1307}.Release|Any CPU.ActiveCfg = Release|Any CPU
		{A3AA9A87-917A-461A-A78B-EB4DD46A1307}.Release|Any CPU.Build.0 = Release|Any CPU
	EndGlobalSection
	GlobalSection(SolutionProperties) = preSolution
		HideSolutionNode = FALSE
	EndGlobalSection
	GlobalSection(ExtensibilityGlobals) = postSolution
		SolutionGuid = {1CA714B6-9EA2-4736-9BEF-330F42F32B07}
	EndGlobalSection
EndGlobal
